
Microsoft Visual Studio Solution File, Format Version 12.00
# Visual Studio 2013
VisualStudioVersion = 12.0.31101.0
MinimumVisualStudioVersion = 10.0.40219.1
Project("{FAE04EC0-301F-11D3-BF4B-00C04F79EFBC}") = "xda.downloader", "xda.downloader\xda.downloader.csproj", "{B17C552C-DB56-4F97-87A9-3AA07D7FCBAD}"
EndProject
Project("{FAE04EC0-301F-11D3-BF4B-00C04F79EFBC}") = "xda.downloader.tests", "xda.downloader.tests\xda.downloader.tests.csproj", "{69D11C27-7A5F-48F7-815D-BCF567521380}"
EndProject
Project("{FAE04EC0-301F-11D3-BF4B-00C04F79EFBC}") = "xda-rom-downloader", "xda-rom-downloader\xda-rom-downloader.csproj", "{42B16DD3-326D-49E2-A3C3-CCD49561FFC2}"
EndProject
Global
	GlobalSection(SolutionConfigurationPlatforms) = preSolution
		Debug|Any CPU = Debug|Any CPU
		Release|Any CPU = Release|Any CPU
	EndGlobalSection
	GlobalSection(ProjectConfigurationPlatforms) = postSolution
		{B17C552C-DB56-4F97-87A9-3AA07D7FCBAD}.Debug|Any CPU.ActiveCfg = Debug|Any CPU
		{B17C552C-DB56-4F97-87A9-3AA07D7FCBAD}.Debug|Any CPU.Build.0 = Debug|Any CPU
		{B17C552C-DB56-4F97-87A9-3AA07D7FCBAD}.Release|Any CPU.ActiveCfg = Release|Any CPU
		{B17C552C-DB56-4F97-87A9-3AA07D7FCBAD}.Release|Any CPU.Build.0 = Release|Any CPU
		{69D11C27-7A5F-48F7-815D-BCF567521380}.Debug|Any CPU.ActiveCfg = Debug|Any CPU
		{69D11C27-7A5F-48F7-815D-BCF567521380}.Debug|Any CPU.Build.0 = Debug|Any CPU
		{69D11C27-7A5F-48F7-815D-BCF567521380}.Release|Any CPU.ActiveCfg = Release|Any CPU
		{69D11C27-7A5F-48F7-815D-BCF567521380}.Release|Any CPU.Build.0 = Release|Any CPU
		{42B16DD3-326D-49E2-A3C3-CCD49561FFC2}.Debug|Any CPU.ActiveCfg = Debug|Any CPU
		{42B16DD3-326D-49E2-A3C3-CCD49561FFC2}.Debug|Any CPU.Build.0 = Debug|Any CPU
		{42B16DD3-326D-49E2-A3C3-CCD49561FFC2}.Release|Any CPU.ActiveCfg = Release|Any CPU
		{42B16DD3-326D-49E2-A3C3-CCD49561FFC2}.Release|Any CPU.Build.0 = Release|Any CPU
	EndGlobalSection
	GlobalSection(SolutionProperties) = preSolution
		HideSolutionNode = FALSE
	EndGlobalSection
EndGlobal
